
Microsoft Visual Studio Solution File, Format Version 12.00
# Visual Studio Version 17
VisualStudioVersion = 17.7.34031.279
MinimumVisualStudioVersion = 10.0.40219.1
Project("{FAE04EC0-301F-11D3-BF4B-00C04F79EFBC}") = "WinForms 25 10 23", "WinForms 25 10 23.csproj", "{2565D4BD-0728-4CDB-A45F-F4908C0BA718}"
EndProject
Global
	GlobalSection(SolutionConfigurationPlatforms) = preSolution
		Debug|Any CPU = Debug|Any CPU
		Release|Any CPU = Release|Any CPU
	EndGlobalSection
	GlobalSection(ProjectConfigurationPlatforms) = postSolution
		{2565D4BD-0728-4CDB-A45F-F4908C0BA718}.Debug|Any CPU.ActiveCfg = Debug|Any CPU
		{2565D4BD-0728-4CDB-A45F-F4908C0BA718}.Debug|Any CPU.Build.0 = Debug|Any CPU
		{2565D4BD-0728-4CDB-A45F-F4908C0BA718}.Release|Any CPU.ActiveCfg = Release|Any CPU
		{2565D4BD-0728-4CDB-A45F-F4908C0BA718}.Release|Any CPU.Build.0 = Release|Any CPU
	EndGlobalSection
	GlobalSection(SolutionProperties) = preSolution
		HideSolutionNode = FALSE
	EndGlobalSection
	GlobalSection(ExtensibilityGlobals) = postSolution
		SolutionGuid = {BA083C5A-CD53-4BF5-B386-EA509B79E5A8}
	EndGlobalSection
EndGlobal
